
Microsoft Visual Studio Solution File, Format Version 12.00
# Visual Studio Version 17
VisualStudioVersion = 17.0.31903.59
MinimumVisualStudioVersion = 10.0.40219.1
Project("{FAE04EC0-301F-11D3-BF4B-00C04F79EFBC}") = "UILib", "UILib.csproj", "{344DE05B-0D2A-4990-AF9F-D3610D947271}"
EndProject
Global
	GlobalSection(SolutionConfigurationPlatforms) = preSolution
		Debug|Any CPU = Debug|Any CPU
		Release|Any CPU = Release|Any CPU
	EndGlobalSection
	GlobalSection(SolutionProperties) = preSolution
		HideSolutionNode = FALSE
	EndGlobalSection
	GlobalSection(ProjectConfigurationPlatforms) = postSolution
		{344DE05B-0D2A-4990-AF9F-D3610D947271}.Debug|Any CPU.ActiveCfg = Debug|Any CPU
		{344DE05B-0D2A-4990-AF9F-D3610D947271}.Debug|Any CPU.Build.0 = Debug|Any CPU
		{344DE05B-0D2A-4990-AF9F-D3610D947271}.Release|Any CPU.ActiveCfg = Release|Any CPU
		{344DE05B-0D2A-4990-AF9F-D3610D947271}.Release|Any CPU.Build.0 = Release|Any CPU
	EndGlobalSection
EndGlobal
